
Microsoft Visual Studio Solution File, Format Version 12.00
Project("{FAE04EC0-301F-11D3-BF4B-00C04F79EFBC}") = "StockApi", "src\StockApi\StockApi.csproj", "{B96DF53C-BC82-4EDE-97F4-A04FC0F89947}"
EndProject
Project("{2150E333-8FDC-42A3-9474-1A3956D46DE8}") = "src", "src", "{DAE6A42A-2575-41F3-9164-4E75F5EEAB8F}"
EndProject
Project("{2150E333-8FDC-42A3-9474-1A3956D46DE8}") = "common", "common", "{459738A7-FE31-4F84-8DDF-7320DC00D96E}"
	ProjectSection(SolutionItems) = preProject
		readme.md = readme.md
		.editorconfig = .editorconfig
		.gitignore = .gitignore
	EndProjectSection
EndProject
Project("{2150E333-8FDC-42A3-9474-1A3956D46DE8}") = "tests", "tests", "{77411905-EEA0-4A2E-80AD-70022F452956}"
EndProject
Global
	GlobalSection(SolutionConfigurationPlatforms) = preSolution
		Debug|Any CPU = Debug|Any CPU
		Release|Any CPU = Release|Any CPU
	EndGlobalSection
	GlobalSection(ProjectConfigurationPlatforms) = postSolution
		{B96DF53C-BC82-4EDE-97F4-A04FC0F89947}.Debug|Any CPU.ActiveCfg = Debug|Any CPU
		{B96DF53C-BC82-4EDE-97F4-A04FC0F89947}.Debug|Any CPU.Build.0 = Debug|Any CPU
		{B96DF53C-BC82-4EDE-97F4-A04FC0F89947}.Release|Any CPU.ActiveCfg = Release|Any CPU
		{B96DF53C-BC82-4EDE-97F4-A04FC0F89947}.Release|Any CPU.Build.0 = Release|Any CPU
	EndGlobalSection
EndGlobal
